
Microsoft Visual Studio Solution File, Format Version 12.00
# Visual Studio 15
VisualStudioVersion = 15.0.28307.1267
MinimumVisualStudioVersion = 10.0.40219.1
Project("{FAE04EC0-301F-11D3-BF4B-00C04F79EFBC}") = "AccessoPaso1", "AccessoPaso1\AccessoPaso1.csproj", "{F93B5D88-7500-47C1-AF1D-44886E47C652}"
EndProject
Global
	GlobalSection(SolutionConfigurationPlatforms) = preSolution
		Debug|Any CPU = Debug|Any CPU
		Release|Any CPU = Release|Any CPU
	EndGlobalSection
	GlobalSection(ProjectConfigurationPlatforms) = postSolution
		{F93B5D88-7500-47C1-AF1D-44886E47C652}.Debug|Any CPU.ActiveCfg = Debug|Any CPU
		{F93B5D88-7500-47C1-AF1D-44886E47C652}.Debug|Any CPU.Build.0 = Debug|Any CPU
		{F93B5D88-7500-47C1-AF1D-44886E47C652}.Release|Any CPU.ActiveCfg = Release|Any CPU
		{F93B5D88-7500-47C1-AF1D-44886E47C652}.Release|Any CPU.Build.0 = Release|Any CPU
	EndGlobalSection
	GlobalSection(SolutionProperties) = preSolution
		HideSolutionNode = FALSE
	EndGlobalSection
	GlobalSection(ExtensibilityGlobals) = postSolution
		SolutionGuid = {BD121B79-A146-4AE4-A255-A152230C5090}
	EndGlobalSection
EndGlobal
